
Microsoft Visual Studio Solution File, Format Version 12.00
# Visual Studio Version 17
VisualStudioVersion = 17.4.33103.184
MinimumVisualStudioVersion = 10.0.40219.1
Project("{FAE04EC0-301F-11D3-BF4B-00C04F79EFBC}") = "ReactWithBackendHomework.Web", "ReactWithBackendHomework.Web\ReactWithBackendHomework.Web.csproj", "{91B1C6B0-C3AA-4E67-90F6-A39D7D1F954F}"
EndProject
Project("{FAE04EC0-301F-11D3-BF4B-00C04F79EFBC}") = "ReactWithBackend.Data", "ReactWithBackend.Data\ReactWithBackend.Data.csproj", "{81B6FD07-C3C2-4631-9DFA-EB8AB83DB659}"
EndProject
Global
	GlobalSection(SolutionConfigurationPlatforms) = preSolution
		Debug|Any CPU = Debug|Any CPU
		Release|Any CPU = Release|Any CPU
	EndGlobalSection
	GlobalSection(ProjectConfigurationPlatforms) = postSolution
		{91B1C6B0-C3AA-4E67-90F6-A39D7D1F954F}.Debug|Any CPU.ActiveCfg = Debug|Any CPU
		{91B1C6B0-C3AA-4E67-90F6-A39D7D1F954F}.Debug|Any CPU.Build.0 = Debug|Any CPU
		{91B1C6B0-C3AA-4E67-90F6-A39D7D1F954F}.Release|Any CPU.ActiveCfg = Release|Any CPU
		{91B1C6B0-C3AA-4E67-90F6-A39D7D1F954F}.Release|Any CPU.Build.0 = Release|Any CPU
		{81B6FD07-C3C2-4631-9DFA-EB8AB83DB659}.Debug|Any CPU.ActiveCfg = Debug|Any CPU
		{81B6FD07-C3C2-4631-9DFA-EB8AB83DB659}.Debug|Any CPU.Build.0 = Debug|Any CPU
		{81B6FD07-C3C2-4631-9DFA-EB8AB83DB659}.Release|Any CPU.ActiveCfg = Release|Any CPU
		{81B6FD07-C3C2-4631-9DFA-EB8AB83DB659}.Release|Any CPU.Build.0 = Release|Any CPU
	EndGlobalSection
	GlobalSection(SolutionProperties) = preSolution
		HideSolutionNode = FALSE
	EndGlobalSection
	GlobalSection(ExtensibilityGlobals) = postSolution
		SolutionGuid = {770240BD-24F8-400C-B3FD-7B7E90A8E513}
	EndGlobalSection
EndGlobal
